{
  "name": "mako-edifact-sanitizer",
  "version": "0.1.0",
  "lockfileVersion": 3,
  "requires": true,
  "packages": {
    "": {
      "name": "mako-edifact-sanitizer",
      "version": "0.1.0",
      "license": "MIT",
      "bin": {
        "mako-edifact-sanitizer": "bin/mako-edifact-sanitizer.js"
      }
    }
  }
}
