{
  "name": "mako-edifact-sanitizer",
  "version": "0.1.2",
  "lockfileVersion": 3,
  "requires": true,
  "packages": {
    "": {
      "name": "mako-edifact-sanitizer",
      "version": "0.1.2",
      "license": "MIT",
      "bin": {
        "mako-edifact-sanitizer": "bin/mako-edifact-sanitizer.js",
        "mako-sanitizer": "bin/mako-edifact-sanitizer.js"
      },
      "engines": {
        "node": ">=18"
      }
    }
  }
}
